// !$*UTF8*$!
{
	archiveVersion = 1;
	classes = {
	};
	objectVersion = 48;
	objects = {

/* Begin PBXBuildFile section */
		04E62780228A871B00EC1347 /* Concentration.swift in Sources */ = {isa = PBXBuildFile; fileRef = 04E6277F228A871B00EC1347 /* Concentration.swift */; };
		04E62782228A89AB00EC1347 /* Card.swift in Sources */ = {isa = PBXBuildFile; fileRef = 04E62781228A89AB00EC1347 /* Card.swift */; };
		04F2004D227C79BD007C6A54 /* AppDelegate.swift in Sources */ = {isa = PBXBuildFile; fileRef = 04F2004C227C79BD007C6A54 /* AppDelegate.swift */; };
		04F2004F227C79BD007C6A54 /* ViewController.swift in Sources */ = {isa = PBXBuildFile; fileRef = 04F2004E227C79BD007C6A54 /* ViewController.swift */; };
		04F20052227C79BD007C6A54 /* Main.storyboard in Resources */ = {isa = PBXBuildFile; fileRef = 04F20050227C79BD007C6A54 /* Main.storyboard */; };
		04F20054227C79BD007C6A54 /* Assets.xcassets in Resources */ = {isa = PBXBuildFile; fileRef = 04F20053227C79BD007C6A54 /* Assets.xcassets */; };
		04F20057227C79BD007C6A54 /* LaunchScreen.storyboard in Resources */ = {isa = PBXBuildFile; fileRef = 04F20055227C79BD007C6A54 /* LaunchScreen.storyboard */; };
/* End PBXBuildFile section */

/* Begin PBXFileReference section */
		04E6277F228A871B00EC1347 /* Concentration.swift */ = {isa = PBXFileReference; lastKnownFileType = sourcecode.swift; path = Concentration.swift; sourceTree = "<group>"; };
		04E62781228A89AB00EC1347 /* Card.swift */ = {isa = PBXFileReference; lastKnownFileType = sourcecode.swift; path = Card.swift; sourceTree = "<group>"; };
		04F20049227C79BD007C6A54 /* Concentration_Game.app */ = {isa = PBXFileReference; explicitFileType = wrapper.application; includeInIndex = 0; path = Concentration_Game.app; sourceTree = BUILT_PRODUCTS_DIR; };
		04F2004C227C79BD007C6A54 /* AppDelegate.swift */ = {isa = PBXFileReference; lastKnownFileType = sourcecode.swift; path = AppDelegate.swift; sourceTree = "<group>"; };
		04F2004E227C79BD007C6A54 /* ViewController.swift */ = {isa = PBXFileReference; lastKnownFileType = sourcecode.swift; path = ViewController.swift; sourceTree = "<group>"; };
		04F20051227C79BD007C6A54 /* Base */ = {isa = PBXFileReference; lastKnownFileType = file.storyboard; name = Base; path = Base.lproj/Main.storyboard; sourceTree = "<group>"; };
		04F20053227C79BD007C6A54 /* Assets.xcassets */ = {isa = PBXFileReference; lastKnownFileType = folder.assetcatalog; path = Assets.xcassets; sourceTree = "<group>"; };
		04F20056227C79BD007C6A54 /* Base */ = {isa = PBXFileReference; lastKnownFileType = file.storyboard; name = Base; path = Base.lproj/LaunchScreen.storyboard; sourceTree = "<group>"; };
		04F20058227C79BD007C6A54 /* Info.plist */ = {isa = PBXFileReference; lastKnownFileType = text.plist.xml; path = Info.plist; sourceTree = "<group>"; };
/* End PBXFileReference section */

/* Begin PBXFrameworksBuildPhase section */
		04F20046227C79BD007C6A54 /* Frameworks */ = {
			isa = PBXFrameworksBuildPhase;
			buildActionMask = 2147483647;
			files = (
			);
			runOnlyForDeploymentPostprocessing = 0;
		};
/* End PBXFrameworksBuildPhase section */

/* Begin PBXGroup section */
		04F20040227C79BC007C6A54 = {
			isa = PBXGroup;
			children = (
				04F2004B227C79BD007C6A54 /* Concentration_Game */,
				04F2004A227C79BD007C6A54 /* Products */,
			);
			sourceTree = "<group>";
		};
		04F2004A227C79BD007C6A54 /* Products */ = {
			isa = PBXGroup;
			children = (
				04F20049227C79BD007C6A54 /* Concentration_Game.app */,
			);
			name = Products;
			sourceTree = "<group>";
		};
		04F2004B227C79BD007C6A54 /* Concentration_Game */ = {
			isa = PBXGroup;
			children = (
				04F2005E227C7A60007C6A54 /* Supporting Files */,
				04F2004E227C79BD007C6A54 /* ViewController.swift */,
				04F20050227C79BD007C6A54 /* Main.storyboard */,
				04E6277F228A871B00EC1347 /* Concentration.swift */,
				04E62781228A89AB00EC1347 /* Card.swift */,
				04F20055227C79BD007C6A54 /* LaunchScreen.storyboard */,
				04F20058227C79BD007C6A54 /* Info.plist */,
			);
			path = Concentration_Game;
			sourceTree = "<group>";
		};
		04F2005E227C7A60007C6A54 /* Supporting Files */ = {
			isa = PBXGroup;
			children = (
				04F2004C227C79BD007C6A54 /* AppDelegate.swift */,
				04F20053227C79BD007C6A54 /* Assets.xcassets */,
			);
			path = "Supporting Files";
			sourceTree = "<group>";
		};
/* End PBXGroup section */

/* Begin PBXNativeTarget section */
		04F20048227C79BD007C6A54 /* Concentration_Game */ = {
			isa = PBXNativeTarget;
			buildConfigurationList = 04F2005B227C79BD007C6A54 /* Build configuration list for PBXNativeTarget "Concentration_Game" */;
			buildPhases = (
				04F20045227C79BD007C6A54 /* Sources */,
				04F20046227C79BD007C6A54 /* Frameworks */,
				04F20047227C79BD007C6A54 /* Resources */,
			);
			buildRules = (
			);
			dependencies = (
			);
			name = Concentration_Game;
			productName = Concentration_Game;
			productReference = 04F20049227C79BD007C6A54 /* Concentration_Game.app */;
			productType = "com.apple.product-type.application";
		};
/* End PBXNativeTarget section */

/* Begin PBXProject section */
		04F20041227C79BC007C6A54 /* Project object */ = {
			isa = PBXProject;
			attributes = {
				LastSwiftUpdateCheck = 0920;
				LastUpgradeCheck = 1020;
				ORGANIZATIONNAME = "McNoor's ";
				TargetAttributes = {
					04F20048227C79BD007C6A54 = {
						CreatedOnToolsVersion = 9.2;
						ProvisioningStyle = Automatic;
					};
				};
			};
			buildConfigurationList = 04F20044227C79BC007C6A54 /* Build configuration list for PBXProject "Concentration_Game" */;
			compatibilityVersion = "Xcode 8.0";
			developmentRegion = en;
			hasScannedForEncodings = 0;
			knownRegions = (
				en,
				Base,
			);
			mainGroup = 04F20040227C79BC007C6A54;
			productRefGroup = 04F2004A227C79BD007C6A54 /* Products */;
			projectDirPath = "";
			projectRoot = "";
			targets = (
				04F20048227C79BD007C6A54 /* Concentration_Game */,
			);
		};
/* End PBXProject section */

/* Begin PBXResourcesBuildPhase section */
		04F20047227C79BD007C6A54 /* Resources */ = {
			isa = PBXResourcesBuildPhase;
			buildActionMask = 2147483647;
			files = (
				04F20057227C79BD007C6A54 /* LaunchScreen.storyboard in Resources */,
				04F20054227C79BD007C6A54 /* Assets.xcassets in Resources */,
				04F20052227C79BD007C6A54 /* Main.storyboard in Resources */,
			);
			runOnlyForDeploymentPostprocessing = 0;
		};
/* End PBXResourcesBuildPhase section */

/* Begin PBXSourcesBuildPhase section */
		04F20045227C79BD007C6A54 /* Sources */ = {
			isa = PBXSourcesBuildPhase;
			buildActionMask = 2147483647;
			files = (
				04F2004F227C79BD007C6A54 /* ViewController.swift in Sources */,
				04F2004D227C79BD007C6A54 /* AppDelegate.swift in Sources */,
				04E62780228A871B00EC1347 /* Concentration.swift in Sources */,
				04E62782228A89AB00EC1347 /* Card.swift in Sources */,
			);
			runOnlyForDeploymentPostprocessing = 0;
		};
/* End PBXSourcesBuildPhase section */

/* Begin PBXVariantGroup section */
		04F20050227C79BD007C6A54 /* Main.storyboard */ = {
			isa = PBXVariantGroup;
			children = (
				04F20051227C79BD007C6A54 /* Base */,
			);
			name = Main.storyboard;
			sourceTree = "<group>";
		};
		04F20055227C79BD007C6A54 /* LaunchScreen.storyboard */ = {
			isa = PBXVariantGroup;
			children = (
				04F20056227C79BD007C6A54 /* Base */,
			);
			name = LaunchScreen.storyboard;
			sourceTree = "<group>";
		};
/* End PBXVariantGroup section */

/* Begin XCBuildConfiguration section */
		04F20059227C79BD007C6A54 /* Debug */ = {
			isa = XCBuildConfiguration;
			buildSettings = {
				ALWAYS_SEARCH_USER_PATHS = NO;
				CLANG_ANALYZER_NONNULL = YES;
				CLANG_ANALYZER_NUMBER_OBJECT_CONVERSION = YES_AGGRESSIVE;
				CLANG_CXX_LANGUAGE_STANDARD = "gnu++14";
				CLANG_CXX_LIBRARY = "libc++";
				CLANG_ENABLE_MODULES = YES;
				CLANG_ENABLE_OBJC_ARC = YES;
				CLANG_WARN_BLOCK_CAPTURE_AUTORELEASING = YES;
				CLANG_WARN_BOOL_CONVERSION = YES;
				CLANG_WARN_COMMA = YES;
				CLANG_WARN_CONSTANT_CONVERSION = YES;
				CLANG_WARN_DEPRECATED_OBJC_IMPLEMENTATIONS = YES;
				CLANG_WARN_DIRECT_OBJC_ISA_USAGE = YES_ERROR;
				CLANG_WARN_DOCUMENTATION_COMMENTS = YES;
				CLANG_WARN_EMPTY_BODY = YES;
				CLANG_WARN_ENUM_CONVERSION = YES;
				CLANG_WARN_INFINITE_RECURSION = YES;
				CLANG_WARN_INT_CONVERSION = YES;
				CLANG_WARN_NON_LITERAL_NULL_CONVERSION = YES;
				CLANG_WARN_OBJC_IMPLICIT_RETAIN_SELF = YES;
				CLANG_WARN_OBJC_LITERAL_CONVERSION = YES;
				CLANG_WARN_OBJC_ROOT_CLASS = YES_ERROR;
				CLANG_WARN_RANGE_LOOP_ANALYSIS = YES;
				CLANG_WARN_STRICT_PROTOTYPES = YES;
				CLANG_WARN_SUSPICIOUS_MOVE = YES;
				CLANG_WARN_UNGUARDED_AVAILABILITY = YES_AGGRESSIVE;
				CLANG_WARN_UNREACHABLE_CODE = YES;
				CLANG_WARN__DUPLICATE_METHOD_MATCH = YES;
				CODE_SIGN_IDENTITY = "iPhone Developer";
				COPY_PHASE_STRIP = NO;
				DEBUG_INFORMATION_FORMAT = dwarf;
				ENABLE_STRICT_OBJC_MSGSEND = YES;
				ENABLE_TESTABILITY = YES;
				GCC_C_LANGUAGE_STANDARD = gnu11;
				GCC_DYNAMIC_NO_PIC = NO;
				GCC_NO_COMMON_BLOCKS = YES;
				GCC_OPTIMIZATION_LEVEL = 0;
				GCC_PREPROCESSOR_DEFINITIONS = (
					"DEBUG=1",
					"$(inherited)",
				);
				GCC_WARN_64_TO_32_BIT_CONVERSION = YES;
				GCC_WARN_ABOUT_RETURN_TYPE = YES_ERROR;
				GCC_WARN_UNDECLARED_SELECTOR = YES;
				GCC_WARN_UNINITIALIZED_AUTOS = YES_AGGRESSIVE;
				GCC_WARN_UNUSED_FUNCTION = YES;
				GCC_WARN_UNUSED_VARIABLE = YES;
				IPHONEOS_DEPLOYMENT_TARGET = 11.2;
				MTL_ENABLE_DEBUG_INFO = YES;
				ONLY_ACTIVE_ARCH = YES;
				SDKROOT = iphoneos;
				SWIFT_ACTIVE_COMPILATION_CONDITIONS = DEBUG;
				SWIFT_OPTIMIZATION_LEVEL = "-Onone";
			};
			name = Debug;
		};
		04F2005A227C79BD007C6A54 /* Release */ = {
			isa = XCBuildConfiguration;
			buildSettings = {
				ALWAYS_SEARCH_USER_PATHS = NO;
				CLANG_ANALYZER_NONNULL = YES;
				CLANG_ANALYZER_NUMBER_OBJECT_CONVERSION = YES_AGGRESSIVE;
				CLANG_CXX_LANGUAGE_STANDARD = "gnu++14";
				CLANG_CXX_LIBRARY = "libc++";
				CLANG_ENABLE_MODULES = YES;
				CLANG_ENABLE_OBJC_ARC = YES;
				CLANG_WARN_BLOCK_CAPTURE_AUTORELEASING = YES;
				CLANG_WARN_BOOL_CONVERSION = YES;
				CLANG_WARN_COMMA = YES;
				CLANG_WARN_CONSTANT_CONVERSION = YES;
				CLANG_WARN_DEPRECATED_OBJC_IMPLEMENTATIONS = YES;
				CLANG_WARN_DIRECT_OBJC_ISA_USAGE = YES_ERROR;
				CLANG_WARN_DOCUMENTATION_COMMENTS = YES;
				CLANG_WARN_EMPTY_BODY = YES;
				CLANG_WARN_ENUM_CONVERSION = YES;
				CLANG_WARN_INFINITE_RECURSION = YES;
				CLANG_WARN_INT_CONVERSION = YES;
				CLANG_WARN_NON_LITERAL_NULL_CONVERSION = YES;
				CLANG_WARN_OBJC_IMPLICIT_RETAIN_SELF = YES;
				CLANG_WARN_OBJC_LITERAL_CONVERSION = YES;
				CLANG_WARN_OBJC_ROOT_CLASS = YES_ERROR;
				CLANG_WARN_RANGE_LOOP_ANALYSIS = YES;
				CLANG_WARN_STRICT_PROTOTYPES = YES;
				CLANG_WARN_SUSPICIOUS_MOVE = YES;
				CLANG_WARN_UNGUARDED_AVAILABILITY = YES_AGGRESSIVE;
				CLANG_WARN_UNREACHABLE_CODE = YES;
				CLANG_WARN__DUPLICATE_METHOD_MATCH = YES;
				CODE_SIGN_IDENTITY = "iPhone Developer";
				COPY_PHASE_STRIP = NO;
				DEBUG_INFORMATION_FORMAT = "dwarf-with-dsym";
				ENABLE_NS_ASSERTIONS = NO;
				ENABLE_STRICT_OBJC_MSGSEND = YES;
				GCC_C_LANGUAGE_STANDARD = gnu11;
				GCC_NO_COMMON_BLOCKS = YES;
				GCC_WARN_64_TO_32_BIT_CONVERSION = YES;
				GCC_WARN_ABOUT_RETURN_TYPE = YES_ERROR;
				GCC_WARN_UNDECLARED_SELECTOR = YES;
				GCC_WARN_UNINITIALIZED_AUTOS = YES_AGGRESSIVE;
				GCC_WARN_UNUSED_FUNCTION = YES;
				GCC_WARN_UNUSED_VARIABLE = YES;
				IPHONEOS_DEPLOYMENT_TARGET = 11.2;
				MTL_ENABLE_DEBUG_INFO = NO;
				SDKROOT = iphoneos;
				SWIFT_OPTIMIZATION_LEVEL = "-Owholemodule";
				VALIDATE_PRODUCT = YES;
			};
			name = Release;
		};
		04F2005C227C79BD007C6A54 /* Debug */ = {
			isa = XCBuildConfiguration;
			buildSettings = {
				ASSETCATALOG_COMPILER_APPICON_NAME = AppIcon;
				CODE_SIGN_STYLE = Automatic;
				DEVELOPMENT_TEAM = 6LLD7PH7Q7;
				INFOPLIST_FILE = Concentration_Game/Info.plist;
				LD_RUNPATH_SEARCH_PATHS = "$(inherited) @executable_path/Frameworks";
				PRODUCT_BUNDLE_IDENTIFIER = "iOS-LEARN.Concentration-Game";
				PRODUCT_NAME = "$(TARGET_NAME)";
				SWIFT_VERSION = 4.0;
				TARGETED_DEVICE_FAMILY = "1,2";
			};
			name = Debug;
		};
		04F2005D227C79BD007C6A54 /* Release */ = {
			isa = XCBuildConfiguration;
			buildSettings = {
				ASSETCATALOG_COMPILER_APPICON_NAME = AppIcon;
				CODE_SIGN_STYLE = Automatic;
				DEVELOPMENT_TEAM = 6LLD7PH7Q7;
				INFOPLIST_FILE = Concentration_Game/Info.plist;
				LD_RUNPATH_SEARCH_PATHS = "$(inherited) @executable_path/Frameworks";
				PRODUCT_BUNDLE_IDENTIFIER = "iOS-LEARN.Concentration-Game";
				PRODUCT_NAME = "$(TARGET_NAME)";
				SWIFT_VERSION = 4.0;
				TARGETED_DEVICE_FAMILY = "1,2";
			};
			name = Release;
		};
/* End XCBuildConfiguration section */

/* Begin XCConfigurationList section */
		04F20044227C79BC007C6A54 /* Build configuration list for PBXProject "Concentration_Game" */ = {
			isa = XCConfigurationList;
			buildConfigurations = (
				04F20059227C79BD007C6A54 /* Debug */,
				04F2005A227C79BD007C6A54 /* Release */,
			);
			defaultConfigurationIsVisible = 0;
			defaultConfigurationName = Release;
		};
		04F2005B227C79BD007C6A54 /* Build configuration list for PBXNativeTarget "Concentration_Game" */ = {
			isa = XCConfigurationList;
			buildConfigurations = (
				04F2005C227C79BD007C6A54 /* Debug */,
				04F2005D227C79BD007C6A54 /* Release */,
			);
			defaultConfigurationIsVisible = 0;
			defaultConfigurationName = Release;
		};
/* End XCConfigurationList section */
	};
	rootObject = 04F20041227C79BC007C6A54 /* Project object */;
}
